
Microsoft Visual Studio Solution File, Format Version 12.00
# Visual Studio Version 17
VisualStudioVersion = 17.0.31903.59
MinimumVisualStudioVersion = 10.0.40219.1
Project("{2150E333-8FDC-42A3-9474-1A3956D46DE8}") = "src", "src", "{0F1E1D4C-E052-46E0-A089-85A249FC936A}"
EndProject
Project("{FAE04EC0-301F-11D3-BF4B-00C04F79EFBC}") = "SprintImprovements", "src\SprintImprovements\SprintImprovements.csproj", "{03081C32-564F-4BB9-843F-89EA8FA89253}"
EndProject
Global
	GlobalSection(SolutionConfigurationPlatforms) = preSolution
		Debug|Any CPU = Debug|Any CPU
		Release|Any CPU = Release|Any CPU
	EndGlobalSection
	GlobalSection(SolutionProperties) = preSolution
		HideSolutionNode = FALSE
	EndGlobalSection
	GlobalSection(ProjectConfigurationPlatforms) = postSolution
		{03081C32-564F-4BB9-843F-89EA8FA89253}.Debug|Any CPU.ActiveCfg = Debug|Any CPU
		{03081C32-564F-4BB9-843F-89EA8FA89253}.Debug|Any CPU.Build.0 = Debug|Any CPU
		{03081C32-564F-4BB9-843F-89EA8FA89253}.Release|Any CPU.ActiveCfg = Release|Any CPU
		{03081C32-564F-4BB9-843F-89EA8FA89253}.Release|Any CPU.Build.0 = Release|Any CPU
	EndGlobalSection
	GlobalSection(NestedProjects) = preSolution
		{03081C32-564F-4BB9-843F-89EA8FA89253} = {0F1E1D4C-E052-46E0-A089-85A249FC936A}
	EndGlobalSection
EndGlobal
